
Microsoft Visual Studio Solution File, Format Version 12.00
Project("{2150E333-8FDC-42A3-9474-1A3956D46DE8}") = "src", "src", "{C0F3268B-A182-4D7D-9D25-FBA6AD39BF3B}"
EndProject
Project("{2150E333-8FDC-42A3-9474-1A3956D46DE8}") = "common", "common", "{EF32B1CC-B6F7-460F-9A4D-77D976E298E6}"
	ProjectSection(SolutionItems) = preProject
		Directory.Packages.props = Directory.Packages.props
		Directory.Build.props = Directory.Build.props
		.editorconfig = .editorconfig
	EndProjectSection
EndProject
Project("{FAE04EC0-301F-11D3-BF4B-00C04F79EFBC}") = "Phazor.Components", "src\Phazor.Components\Phazor.Components.csproj", "{058DCBB8-B2A4-4FBF-B874-F434D6BA05C3}"
EndProject
Project("{2150E333-8FDC-42A3-9474-1A3956D46DE8}") = "sample", "sample", "{34F71048-E0AD-45DF-8660-7C9DEE66CA1F}"
EndProject
Project("{FAE04EC0-301F-11D3-BF4B-00C04F79EFBC}") = "Phazor.Sample", "sample\Phazor.Sample\Phazor.Sample.csproj", "{1F3C9FA4-F502-4380-ACDD-A1B9FA4DF467}"
EndProject
Project("{2150E333-8FDC-42A3-9474-1A3956D46DE8}") = "workflows", "workflows", "{0DDC8B34-EFF9-4F90-9F44-3F838D630582}"
	ProjectSection(SolutionItems) = preProject
		.github\workflows\publish.yml = .github\workflows\publish.yml
	EndProjectSection
EndProject
Project("{FAE04EC0-301F-11D3-BF4B-00C04F79EFBC}") = "Phazor.Extensions", "src\Phazor.Extensions\Phazor.Extensions.csproj", "{1E679C3D-9C22-4E5A-BFA4-C2A056471339}"
EndProject
Project("{2150E333-8FDC-42A3-9474-1A3956D46DE8}") = "reactive", "reactive", "{A7190D1A-F41E-4C26-A303-A487FE37157D}"
EndProject
Project("{FAE04EC0-301F-11D3-BF4B-00C04F79EFBC}") = "Phazor.Reactive.Abstractions", "src\Phazor.Reactive.Abstractions\Phazor.Reactive.Abstractions.csproj", "{F2AB9AC8-F98C-4843-8DF7-375CA5274225}"
EndProject
Project("{FAE04EC0-301F-11D3-BF4B-00C04F79EFBC}") = "Phazor.Reactive.Generators", "src\Phazor.Reactive.Generators\Phazor.Reactive.Generators.csproj", "{35465FCE-0F45-495D-830A-2D2AFF9D1FAA}"
EndProject
Project("{FAE04EC0-301F-11D3-BF4B-00C04F79EFBC}") = "Phazor.Reactive", "src\Phazor.Reactive\Phazor.Reactive.csproj", "{3F3D6929-2C20-4302-B201-F192DADA2375}"
EndProject
Project("{FAE04EC0-301F-11D3-BF4B-00C04F79EFBC}") = "Phazor.Reactive.Sample", "sample\Phazor.Reactive.Sample\Phazor.Reactive.Sample.csproj", "{0FC3E812-FAA4-45C5-B7E6-F7128A7B76C7}"
EndProject
Project("{2150E333-8FDC-42A3-9474-1A3956D46DE8}") = "tests", "tests", "{5A99E516-16D5-4523-BE79-FCB9935EE70B}"
EndProject
Project("{FAE04EC0-301F-11D3-BF4B-00C04F79EFBC}") = "Phazor.Reactive.Generators.Tests", "Phazor.Reactive.Generators.Tests\Phazor.Reactive.Generators.Tests.csproj", "{70798BE1-9676-453B-A5A2-2AB15062B468}"
EndProject
Global
	GlobalSection(SolutionConfigurationPlatforms) = preSolution
		Debug|Any CPU = Debug|Any CPU
		Release|Any CPU = Release|Any CPU
	EndGlobalSection
	GlobalSection(NestedProjects) = preSolution
		{058DCBB8-B2A4-4FBF-B874-F434D6BA05C3} = {C0F3268B-A182-4D7D-9D25-FBA6AD39BF3B}
		{1F3C9FA4-F502-4380-ACDD-A1B9FA4DF467} = {34F71048-E0AD-45DF-8660-7C9DEE66CA1F}
		{0DDC8B34-EFF9-4F90-9F44-3F838D630582} = {EF32B1CC-B6F7-460F-9A4D-77D976E298E6}
		{1E679C3D-9C22-4E5A-BFA4-C2A056471339} = {C0F3268B-A182-4D7D-9D25-FBA6AD39BF3B}
		{A7190D1A-F41E-4C26-A303-A487FE37157D} = {C0F3268B-A182-4D7D-9D25-FBA6AD39BF3B}
		{F2AB9AC8-F98C-4843-8DF7-375CA5274225} = {A7190D1A-F41E-4C26-A303-A487FE37157D}
		{35465FCE-0F45-495D-830A-2D2AFF9D1FAA} = {A7190D1A-F41E-4C26-A303-A487FE37157D}
		{3F3D6929-2C20-4302-B201-F192DADA2375} = {A7190D1A-F41E-4C26-A303-A487FE37157D}
		{0FC3E812-FAA4-45C5-B7E6-F7128A7B76C7} = {34F71048-E0AD-45DF-8660-7C9DEE66CA1F}
		{70798BE1-9676-453B-A5A2-2AB15062B468} = {5A99E516-16D5-4523-BE79-FCB9935EE70B}
	EndGlobalSection
	GlobalSection(ProjectConfigurationPlatforms) = postSolution
		{058DCBB8-B2A4-4FBF-B874-F434D6BA05C3}.Debug|Any CPU.ActiveCfg = Debug|Any CPU
		{058DCBB8-B2A4-4FBF-B874-F434D6BA05C3}.Debug|Any CPU.Build.0 = Debug|Any CPU
		{058DCBB8-B2A4-4FBF-B874-F434D6BA05C3}.Release|Any CPU.ActiveCfg = Release|Any CPU
		{058DCBB8-B2A4-4FBF-B874-F434D6BA05C3}.Release|Any CPU.Build.0 = Release|Any CPU
		{1F3C9FA4-F502-4380-ACDD-A1B9FA4DF467}.Debug|Any CPU.ActiveCfg = Debug|Any CPU
		{1F3C9FA4-F502-4380-ACDD-A1B9FA4DF467}.Debug|Any CPU.Build.0 = Debug|Any CPU
		{1F3C9FA4-F502-4380-ACDD-A1B9FA4DF467}.Release|Any CPU.ActiveCfg = Release|Any CPU
		{1F3C9FA4-F502-4380-ACDD-A1B9FA4DF467}.Release|Any CPU.Build.0 = Release|Any CPU
		{1E679C3D-9C22-4E5A-BFA4-C2A056471339}.Debug|Any CPU.ActiveCfg = Debug|Any CPU
		{1E679C3D-9C22-4E5A-BFA4-C2A056471339}.Debug|Any CPU.Build.0 = Debug|Any CPU
		{1E679C3D-9C22-4E5A-BFA4-C2A056471339}.Release|Any CPU.ActiveCfg = Release|Any CPU
		{1E679C3D-9C22-4E5A-BFA4-C2A056471339}.Release|Any CPU.Build.0 = Release|Any CPU
		{F2AB9AC8-F98C-4843-8DF7-375CA5274225}.Debug|Any CPU.ActiveCfg = Debug|Any CPU
		{F2AB9AC8-F98C-4843-8DF7-375CA5274225}.Debug|Any CPU.Build.0 = Debug|Any CPU
		{F2AB9AC8-F98C-4843-8DF7-375CA5274225}.Release|Any CPU.ActiveCfg = Release|Any CPU
		{F2AB9AC8-F98C-4843-8DF7-375CA5274225}.Release|Any CPU.Build.0 = Release|Any CPU
		{35465FCE-0F45-495D-830A-2D2AFF9D1FAA}.Debug|Any CPU.ActiveCfg = Debug|Any CPU
		{35465FCE-0F45-495D-830A-2D2AFF9D1FAA}.Debug|Any CPU.Build.0 = Debug|Any CPU
		{35465FCE-0F45-495D-830A-2D2AFF9D1FAA}.Release|Any CPU.ActiveCfg = Release|Any CPU
		{35465FCE-0F45-495D-830A-2D2AFF9D1FAA}.Release|Any CPU.Build.0 = Release|Any CPU
		{3F3D6929-2C20-4302-B201-F192DADA2375}.Debug|Any CPU.ActiveCfg = Debug|Any CPU
		{3F3D6929-2C20-4302-B201-F192DADA2375}.Debug|Any CPU.Build.0 = Debug|Any CPU
		{3F3D6929-2C20-4302-B201-F192DADA2375}.Release|Any CPU.ActiveCfg = Release|Any CPU
		{3F3D6929-2C20-4302-B201-F192DADA2375}.Release|Any CPU.Build.0 = Release|Any CPU
		{0FC3E812-FAA4-45C5-B7E6-F7128A7B76C7}.Debug|Any CPU.ActiveCfg = Debug|Any CPU
		{0FC3E812-FAA4-45C5-B7E6-F7128A7B76C7}.Debug|Any CPU.Build.0 = Debug|Any CPU
		{0FC3E812-FAA4-45C5-B7E6-F7128A7B76C7}.Release|Any CPU.ActiveCfg = Release|Any CPU
		{0FC3E812-FAA4-45C5-B7E6-F7128A7B76C7}.Release|Any CPU.Build.0 = Release|Any CPU
		{70798BE1-9676-453B-A5A2-2AB15062B468}.Debug|Any CPU.ActiveCfg = Debug|Any CPU
		{70798BE1-9676-453B-A5A2-2AB15062B468}.Debug|Any CPU.Build.0 = Debug|Any CPU
		{70798BE1-9676-453B-A5A2-2AB15062B468}.Release|Any CPU.ActiveCfg = Release|Any CPU
		{70798BE1-9676-453B-A5A2-2AB15062B468}.Release|Any CPU.Build.0 = Release|Any CPU
	EndGlobalSection
EndGlobal
